lockfileVersion: '6.0'

settings:
  autoInstallPeers: true
  excludeLinksFromLockfile: false

dependencies:
  three:
    specifier: ^0.163.0
    version: 0.163.0

packages:

  /three@0.163.0:
    resolution: {integrity: sha512-HlMgCb2TF/dTLRtknBnjUTsR8FsDqBY43itYop2+Zg822I+Kd0Ua2vs8CvfBVefXkBdNDrLMoRTGCIIpfCuDew==}
    dev: false
